<?xml version="1.0" encoding="utf-8"?>
<Project ToolsVersion="4.0" xmlns="http://schemas.microsoft.com/developer/msbuild/2003">
  <ItemGroup>
    <Filter Include="Source Files">
      <UniqueIdentifier>{4FC737F1-C7A5-4376-A066-2A32D752A2FF}</UniqueIdentifier>
      <Extensions>cpp;c;cc;cxx;c++;cppm;ixx;def;odl;idl;hpj;bat;asm;asmx</Extensions>
    </Filter>
    <Filter Include="Header Files">
      <UniqueIdentifier>{93995380-89BD-4b04-88EB-625FBE52EBFB}</UniqueIdentifier>
      <Extensions>h;hh;hpp;hxx;h++;hm;inl;inc;ipp;xsd</Extensions>
    </Filter>
    <Filter Include="Resource Files">
      <UniqueIdentifier>{67DA6AB6-F800-4c08-8B7A-83BB121AAD01}</UniqueIdentifier>
      <Extensions>rc;ico;cur;bmp;dlg;rc2;rct;bin;rgs;gif;jpg;jpeg;jpe;resx;tiff;tif;png;wav;mfcribbon-ms</Extensions>
    </Filter>
  </ItemGroup>
  <ItemGroup>
    <ClCompile Include=".cpp\ctx\ctx.cpp">
      <Filter>Source Files</Filter>
    </ClCompile>
    <ClCompile Include=".cpp\mem\mem.cpp">
      <Filter>Source Files</Filter>
    </ClCompile>
    <ClCompile Include=".cpp\hooks\wnd_proc.cpp">
      <Filter>Source Files</Filter>
    </ClCompile>
    <ClCompile Include=".cpp\hooks\directx11.cpp">
      <Filter>Source Files</Filter>
    </ClCompile>
    <ClCompile Include=".cpp\gui\gui.cpp">
      <Filter>Source Files</Filter>
    </ClCompile>
    <ClCompile Include=".lib\imgui\imgui.cpp">
      <Filter>Source Files</Filter>
    </ClCompile>
    <ClCompile Include=".lib\imgui\imgui_draw.cpp">
      <Filter>Source Files</Filter>
    </ClCompile>
    <ClCompile Include=".lib\imgui\imgui_impl_win32.cpp">
      <Filter>Source Files</Filter>
    </ClCompile>
    <ClCompile Include=".lib\imgui\imgui_tables.cpp">
      <Filter>Source Files</Filter>
    </ClCompile>
    <ClCompile Include=".lib\imgui\imgui_widgets.cpp">
      <Filter>Source Files</Filter>
    </ClCompile>
    <ClCompile Include=".lib\minhook\hde\hde32.c">
      <Filter>Source Files</Filter>
    </ClCompile>
    <ClCompile Include=".lib\minhook\buffer.c">
      <Filter>Source Files</Filter>
    </ClCompile>
    <ClCompile Include=".lib\minhook\hook.c">
      <Filter>Source Files</Filter>
    </ClCompile>
    <ClCompile Include=".lib\minhook\trampoline.c">
      <Filter>Source Files</Filter>
    </ClCompile>
    <ClCompile Include=".lib\imgui\imgui_impl_dx11.cpp">
      <Filter>Source Files</Filter>
    </ClCompile>
    <ClCompile Include=".lib\minhook\hde\hde64.c">
      <Filter>Source Files</Filter>
    </ClCompile>
  </ItemGroup>
  <ItemGroup>
    <None Include=".hpp\ctx\ctx.inl">
      <Filter>Header Files</Filter>
    </None>
    <None Include=".hpp\ctx\ctx.hpp" />
    <None Include=".hpp\mem\mem.inl">
      <Filter>Header Files</Filter>
    </None>
    <None Include=".hpp\gui\gui.inl">
      <Filter>Header Files</Filter>
    </None>
    <None Include=".hpp\util\impl\util.inl">
      <Filter>Header Files</Filter>
    </None>
    <None Include=".hpp\math\inl\math.inl">
      <Filter>Header Files</Filter>
    </None>
  </ItemGroup>
  <ItemGroup>
    <ClInclude Include="inc.hpp">
      <Filter>Header Files</Filter>
    </ClInclude>
    <ClInclude Include=".hpp\mem\mem.hpp">
      <Filter>Header Files</Filter>
    </ClInclude>
    <ClInclude Include=".hpp\hooks\hooks.hpp">
      <Filter>Header Files</Filter>
    </ClInclude>
    <ClInclude Include=".hpp\gui\gui.hpp">
      <Filter>Header Files</Filter>
    </ClInclude>
    <ClInclude Include=".lib\imgui\imconfig.h">
      <Filter>Header Files</Filter>
    </ClInclude>
    <ClInclude Include=".lib\imgui\imgui.h">
      <Filter>Header Files</Filter>
    </ClInclude>
    <ClInclude Include=".lib\imgui\imgui_impl_win32.h">
      <Filter>Header Files</Filter>
    </ClInclude>
    <ClInclude Include=".lib\imgui\imgui_internal.h">
      <Filter>Header Files</Filter>
    </ClInclude>
    <ClInclude Include=".lib\imgui\imstb_rectpack.h">
      <Filter>Header Files</Filter>
    </ClInclude>
    <ClInclude Include=".lib\imgui\imstb_textedit.h">
      <Filter>Header Files</Filter>
    </ClInclude>
    <ClInclude Include=".lib\imgui\imstb_truetype.h">
      <Filter>Header Files</Filter>
    </ClInclude>
    <ClInclude Include=".lib\json\json.hpp">
      <Filter>Header Files</Filter>
    </ClInclude>
    <ClInclude Include=".lib\minhook\hde\hde32.h">
      <Filter>Header Files</Filter>
    </ClInclude>
    <ClInclude Include=".lib\minhook\hde\pstdint.h">
      <Filter>Header Files</Filter>
    </ClInclude>
    <ClInclude Include=".lib\minhook\hde\table32.h">
      <Filter>Header Files</Filter>
    </ClInclude>
    <ClInclude Include=".lib\minhook\buffer.h">
      <Filter>Header Files</Filter>
    </ClInclude>
    <ClInclude Include=".lib\minhook\minhook.h">
      <Filter>Header Files</Filter>
    </ClInclude>
    <ClInclude Include=".lib\minhook\trampoline.h">
      <Filter>Header Files</Filter>
    </ClInclude>
    <ClInclude Include=".lib\xorstr\xorstr.hpp">
      <Filter>Header Files</Filter>
    </ClInclude>
    <ClInclude Include=".hpp\util\util.hpp">
      <Filter>Header Files</Filter>
    </ClInclude>
    <ClInclude Include=".hpp\math\math.hpp">
      <Filter>Header Files</Filter>
    </ClInclude>
    <ClInclude Include=".lib\imgui\imgui_impl_dx11.h">
      <Filter>Header Files</Filter>
    </ClInclude>
    <ClInclude Include=".lib\minhook\hde\table64.h">
      <Filter>Header Files</Filter>
    </ClInclude>
    <ClInclude Include=".lib\minhook\hde\hde64.h">
      <Filter>Header Files</Filter>
    </ClInclude>
    <ClInclude Include=".hpp\interfaces\interfaces.hpp">
      <Filter>Header Files</Filter>
    </ClInclude>
    <ClInclude Include=".lib\fnv1a\fnv1a.hpp">
      <Filter>Header Files</Filter>
    </ClInclude>
  </ItemGroup>
</Project>